
Microsoft Visual Studio Solution File, Format Version 12.00
# Visual Studio Version 17
VisualStudioVersion = 17.6.33717.318
MinimumVisualStudioVersion = 10.0.40219.1
Project("{FAE04EC0-301F-11D3-BF4B-00C04F79EFBC}") = "HospitalVisits", "HospitalVisits\HospitalVisits.csproj", "{72B23F45-07B2-464B-A313-E31FD5C6CC79}"
EndProject
Project("{FAE04EC0-301F-11D3-BF4B-00C04F79EFBC}") = "Application", "Application\Application.csproj", "{E3F82DDF-67DA-49C3-841B-2F74D230F225}"
EndProject
Project("{FAE04EC0-301F-11D3-BF4B-00C04F79EFBC}") = "Infrastructure", "Infrastructure\Infrastructure.csproj", "{550AC418-7E04-45A9-805A-12D61C432EAB}"
EndProject
Project("{FAE04EC0-301F-11D3-BF4B-00C04F79EFBC}") = "Domain", "Domain\Domain.csproj", "{BBB16F3C-8057-459C-AB3B-E24F4B83F32B}"
EndProject
Project("{2150E333-8FDC-42A3-9474-1A3956D46DE8}") = "tests", "tests", "{13B80D0A-FAFA-4990-82F9-8B7595C4EB67}"
EndProject
Project("{FAE04EC0-301F-11D3-BF4B-00C04F79EFBC}") = "Applicaion.tests", "Applicaion.tests\Applicaion.tests.csproj", "{499587CA-EC6F-4E06-853B-D0E5E4C3FF5E}"
EndProject
Global
	GlobalSection(SolutionConfigurationPlatforms) = preSolution
		Debug|Any CPU = Debug|Any CPU
		Release|Any CPU = Release|Any CPU
	EndGlobalSection
	GlobalSection(ProjectConfigurationPlatforms) = postSolution
		{72B23F45-07B2-464B-A313-E31FD5C6CC79}.Debug|Any CPU.ActiveCfg = Debug|Any CPU
		{72B23F45-07B2-464B-A313-E31FD5C6CC79}.Debug|Any CPU.Build.0 = Debug|Any CPU
		{72B23F45-07B2-464B-A313-E31FD5C6CC79}.Release|Any CPU.ActiveCfg = Release|Any CPU
		{72B23F45-07B2-464B-A313-E31FD5C6CC79}.Release|Any CPU.Build.0 = Release|Any CPU
		{E3F82DDF-67DA-49C3-841B-2F74D230F225}.Debug|Any CPU.ActiveCfg = Debug|Any CPU
		{E3F82DDF-67DA-49C3-841B-2F74D230F225}.Debug|Any CPU.Build.0 = Debug|Any CPU
		{E3F82DDF-67DA-49C3-841B-2F74D230F225}.Release|Any CPU.ActiveCfg = Release|Any CPU
		{E3F82DDF-67DA-49C3-841B-2F74D230F225}.Release|Any CPU.Build.0 = Release|Any CPU
		{550AC418-7E04-45A9-805A-12D61C432EAB}.Debug|Any CPU.ActiveCfg = Debug|Any CPU
		{550AC418-7E04-45A9-805A-12D61C432EAB}.Debug|Any CPU.Build.0 = Debug|Any CPU
		{550AC418-7E04-45A9-805A-12D61C432EAB}.Release|Any CPU.ActiveCfg = Release|Any CPU
		{550AC418-7E04-45A9-805A-12D61C432EAB}.Release|Any CPU.Build.0 = Release|Any CPU
		{BBB16F3C-8057-459C-AB3B-E24F4B83F32B}.Debug|Any CPU.ActiveCfg = Debug|Any CPU
		{BBB16F3C-8057-459C-AB3B-E24F4B83F32B}.Debug|Any CPU.Build.0 = Debug|Any CPU
		{BBB16F3C-8057-459C-AB3B-E24F4B83F32B}.Release|Any CPU.ActiveCfg = Release|Any CPU
		{BBB16F3C-8057-459C-AB3B-E24F4B83F32B}.Release|Any CPU.Build.0 = Release|Any CPU
		{499587CA-EC6F-4E06-853B-D0E5E4C3FF5E}.Debug|Any CPU.ActiveCfg = Debug|Any CPU
		{499587CA-EC6F-4E06-853B-D0E5E4C3FF5E}.Debug|Any CPU.Build.0 = Debug|Any CPU
		{499587CA-EC6F-4E06-853B-D0E5E4C3FF5E}.Release|Any CPU.ActiveCfg = Release|Any CPU
		{499587CA-EC6F-4E06-853B-D0E5E4C3FF5E}.Release|Any CPU.Build.0 = Release|Any CPU
	EndGlobalSection
	GlobalSection(SolutionProperties) = preSolution
		HideSolutionNode = FALSE
	EndGlobalSection
	GlobalSection(NestedProjects) = preSolution
		{499587CA-EC6F-4E06-853B-D0E5E4C3FF5E} = {13B80D0A-FAFA-4990-82F9-8B7595C4EB67}
	EndGlobalSection
	GlobalSection(ExtensibilityGlobals) = postSolution
		SolutionGuid = {8EA83EC6-6891-437A-AEE7-3A2CF6010490}
	EndGlobalSection
EndGlobal
